# This file is automatically @generated by Cargo.
# It is not intended for manual editing.
version = 3

[[package]]
name = "oxide"
version = "0.1.0"
dependencies = [
 "oxygen",
]

[[package]]
name = "oxygen"
version = "0.1.0"
dependencies = [
 "oxygen_error",
 "oxygen_options",
 "oxygen_parser",
]

[[package]]
name = "oxygen_ast"
version = "0.1.0"
dependencies = [
 "oxygen_lexer",
]

[[package]]
name = "oxygen_error"
version = "0.1.0"

[[package]]
name = "oxygen_lexer"
version = "0.1.0"
dependencies = [
 "oxygen_error",
]

[[package]]
name = "oxygen_options"
version = "0.1.0"

[[package]]
name = "oxygen_parser"
version = "0.1.0"
dependencies = [
 "oxygen_ast",
 "oxygen_error",
 "oxygen_lexer",
]
